
Microsoft Visual Studio Solution File, Format Version 12.00
# Visual Studio Version 17
VisualStudioVersion = 17.14.37710.0 d17.14
MinimumVisualStudioVersion = 10.0.40219.1
Project("{FAE04EC0-301F-11D3-BF4B-00C04F79EFBC}") = "AimForge", "AimForge\AimForge.csproj", "{B0E86E89-AAF4-4623-9EDB-283CDBACCE16}"
EndProject
Global
	GlobalSection(SolutionConfigurationPlatforms) = preSolution
		Debug|Any CPU = Debug|Any CPU
		Release|Any CPU = Release|Any CPU
	EndGlobalSection
	GlobalSection(ProjectConfigurationPlatforms) = postSolution
		{B0E86E89-AAF4-4623-9EDB-283CDBACCE16}.Debug|Any CPU.ActiveCfg = Debug|Any CPU
		{B0E86E89-AAF4-4623-9EDB-283CDBACCE16}.Debug|Any CPU.Build.0 = Debug|Any CPU
		{B0E86E89-AAF4-4623-9EDB-283CDBACCE16}.Release|Any CPU.ActiveCfg = Release|Any CPU
		{B0E86E89-AAF4-4623-9EDB-283CDBACCE16}.Release|Any CPU.Build.0 = Release|Any CPU
	EndGlobalSection
	GlobalSection(SolutionProperties) = preSolution
		HideSolutionNode = FALSE
	EndGlobalSection
	GlobalSection(ExtensibilityGlobals) = postSolution
		SolutionGuid = {C9EEC52D-4A3F-4DFF-B12B-213C3722A234}
	EndGlobalSection
EndGlobal
